{
  "lockfileVersion": 1,
  "workspaces": {
    "": {
      "name": "@wsdot/go-orange",
      "dependencies": {
        "@biomejs/biome": "^1.9.4",
      },
      "devDependencies": {
        "@types/bun": "^1.2.10",
        "@types/node": "^22.14.1",
        "c8": "^10.1.3",
        "cspell": "^8.19.2",
        "typedoc": "^0.28.3",
        "typescript": "^5.8.3",
      },
    },
  },
  "packages": {
    "@bcoe/v8-coverage": ["@bcoe/v8-coverage@1.0.2", "", {}, "sha512-6zABk/ECA/QYSCQ1NGiVwwbQerUCZ+TQbp64Q3AgmfNvurHH0j8TtXa1qbShXA6qqkpAj4V5W8pP6mLe1mcMqA=="],

    "@biomejs/biome": ["@biomejs/biome@1.9.4", "", { "optionalDependencies": { "@biomejs/cli-darwin-arm64": "1.9.4", "@biomejs/cli-darwin-x64": "1.9.4", "@biomejs/cli-linux-arm64": "1.9.4", "@biomejs/cli-linux-arm64-musl": "1.9.4", "@biomejs/cli-linux-x64": "1.9.4", "@biomejs/cli-linux-x64-musl": "1.9.4", "@biomejs/cli-win32-arm64": "1.9.4", "@biomejs/cli-win32-x64": "1.9.4" }, "bin": { "biome": "bin/biome" } }, "sha512-1rkd7G70+o9KkTn5KLmDYXihGoTaIGO9PIIN2ZB7UJxFrWw04CZHPYiMRjYsaDvVV7hP1dYNRLxSANLaBFGpog=="],

    "@biomejs/cli-darwin-arm64": ["@biomejs/cli-darwin-arm64@1.9.4", "", { "os": "darwin", "cpu": "arm64" }, "sha512-bFBsPWrNvkdKrNCYeAp+xo2HecOGPAy9WyNyB/jKnnedgzl4W4Hb9ZMzYNbf8dMCGmUdSavlYHiR01QaYR58cw=="],

    "@biomejs/cli-darwin-x64": ["@biomejs/cli-darwin-x64@1.9.4", "", { "os": "darwin", "cpu": "x64" }, "sha512-ngYBh/+bEedqkSevPVhLP4QfVPCpb+4BBe2p7Xs32dBgs7rh9nY2AIYUL6BgLw1JVXV8GlpKmb/hNiuIxfPfZg=="],

    "@biomejs/cli-linux-arm64": ["@biomejs/cli-linux-arm64@1.9.4", "", { "os": "linux", "cpu": "arm64" }, "sha512-fJIW0+LYujdjUgJJuwesP4EjIBl/N/TcOX3IvIHJQNsAqvV2CHIogsmA94BPG6jZATS4Hi+xv4SkBBQSt1N4/g=="],

    "@biomejs/cli-linux-arm64-musl": ["@biomejs/cli-linux-arm64-musl@1.9.4", "", { "os": "linux", "cpu": "arm64" }, "sha512-v665Ct9WCRjGa8+kTr0CzApU0+XXtRgwmzIf1SeKSGAv+2scAlW6JR5PMFo6FzqqZ64Po79cKODKf3/AAmECqA=="],

    "@biomejs/cli-linux-x64": ["@biomejs/cli-linux-x64@1.9.4", "", { "os": "linux", "cpu": "x64" }, "sha512-lRCJv/Vi3Vlwmbd6K+oQ0KhLHMAysN8lXoCI7XeHlxaajk06u7G+UsFSO01NAs5iYuWKmVZjmiOzJ0OJmGsMwg=="],

    "@biomejs/cli-linux-x64-musl": ["@biomejs/cli-linux-x64-musl@1.9.4", "", { "os": "linux", "cpu": "x64" }, "sha512-gEhi/jSBhZ2m6wjV530Yy8+fNqG8PAinM3oV7CyO+6c3CEh16Eizm21uHVsyVBEB6RIM8JHIl6AGYCv6Q6Q9Tg=="],

    "@biomejs/cli-win32-arm64": ["@biomejs/cli-win32-arm64@1.9.4", "", { "os": "win32", "cpu": "arm64" }, "sha512-tlbhLk+WXZmgwoIKwHIHEBZUwxml7bRJgk0X2sPyNR3S93cdRq6XulAZRQJ17FYGGzWne0fgrXBKpl7l4M87Hg=="],

    "@biomejs/cli-win32-x64": ["@biomejs/cli-win32-x64@1.9.4", "", { "os": "win32", "cpu": "x64" }, "sha512-8Y5wMhVIPaWe6jw2H+KlEm4wP/f7EW3810ZLmDlrEEy5KvBsb9ECEfu/kMWD484ijfQ8+nIi0giMgu9g1UAuuA=="],

    "@cspell/cspell-bundled-dicts": ["@cspell/cspell-bundled-dicts@8.19.2", "", { "dependencies": { "@cspell/dict-ada": "^4.1.0", "@cspell/dict-al": "^1.1.0", "@cspell/dict-aws": "^4.0.10", "@cspell/dict-bash": "^4.2.0", "@cspell/dict-companies": "^3.1.15", "@cspell/dict-cpp": "^6.0.8", "@cspell/dict-cryptocurrencies": "^5.0.4", "@cspell/dict-csharp": "^4.0.6", "@cspell/dict-css": "^4.0.17", "@cspell/dict-dart": "^2.3.0", "@cspell/dict-data-science": "^2.0.8", "@cspell/dict-django": "^4.1.4", "@cspell/dict-docker": "^1.1.13", "@cspell/dict-dotnet": "^5.0.9", "@cspell/dict-elixir": "^4.0.7", "@cspell/dict-en-common-misspellings": "^2.0.10", "@cspell/dict-en-gb": "1.1.33", "@cspell/dict-en_us": "^4.4.2", "@cspell/dict-filetypes": "^3.0.11", "@cspell/dict-flutter": "^1.1.0", "@cspell/dict-fonts": "^4.0.4", "@cspell/dict-fsharp": "^1.1.0", "@cspell/dict-fullstack": "^3.2.6", "@cspell/dict-gaming-terms": "^1.1.1", "@cspell/dict-git": "^3.0.4", "@cspell/dict-golang": "^6.0.20", "@cspell/dict-google": "^1.0.8", "@cspell/dict-haskell": "^4.0.5", "@cspell/dict-html": "^4.0.11", "@cspell/dict-html-symbol-entities": "^4.0.3", "@cspell/dict-java": "^5.0.11", "@cspell/dict-julia": "^1.1.0", "@cspell/dict-k8s": "^1.0.10", "@cspell/dict-kotlin": "^1.1.0", "@cspell/dict-latex": "^4.0.3", "@cspell/dict-lorem-ipsum": "^4.0.4", "@cspell/dict-lua": "^4.0.7", "@cspell/dict-makefile": "^1.0.4", "@cspell/dict-markdown": "^2.0.10", "@cspell/dict-monkeyc": "^1.0.10", "@cspell/dict-node": "^5.0.7", "@cspell/dict-npm": "^5.2.0", "@cspell/dict-php": "^4.0.14", "@cspell/dict-powershell": "^5.0.14", "@cspell/dict-public-licenses": "^2.0.13", "@cspell/dict-python": "^4.2.17", "@cspell/dict-r": "^2.1.0", "@cspell/dict-ruby": "^5.0.8", "@cspell/dict-rust": "^4.0.11", "@cspell/dict-scala": "^5.0.7", "@cspell/dict-shell": "^1.1.0", "@cspell/dict-software-terms": "^5.0.5", "@cspell/dict-sql": "^2.2.0", "@cspell/dict-svelte": "^1.0.6", "@cspell/dict-swift": "^2.0.5", "@cspell/dict-terraform": "^1.1.1", "@cspell/dict-typescript": "^3.2.1", "@cspell/dict-vue": "^3.0.4" } }, "sha512-17yxicBRJj/00KlZ9y3fziuY3Y8neK2PA+wzf/NhnyA6AhU60TjLGj2yocKtlg8TYBeQK2kRiKq/2Uy0tv1RKg=="],

    "@cspell/cspell-json-reporter": ["@cspell/cspell-json-reporter@8.19.2", "", { "dependencies": { "@cspell/cspell-types": "8.19.2" } }, "sha512-vW7mybZi5TN0ejB4XY2hpXT0XSDiUduN69Gn+WZtNZYeLV3NWIH/RtzgT7VDGyKUadUeEvbemH3MdW34cCuZjA=="],

    "@cspell/cspell-pipe": ["@cspell/cspell-pipe@8.19.2", "", {}, "sha512-UF9s/bph/ELak6ZDEox9SbvPGU0giZ10jISKkR65MDg3nO7TQxm8TQB4PuNfwrt7Eybm+P10XroeXWfW5BfFmA=="],

    "@cspell/cspell-resolver": ["@cspell/cspell-resolver@8.19.2", "", { "dependencies": { "global-directory": "^4.0.1" } }, "sha512-OWm3DWJXbFKpzETmzHXQ6cu7xrOoctU2BuqeRaR2nHHmuHLBEnOeS6OOQeYfWg4vTO5uGnFblWpCBYxFdny08Q=="],

    "@cspell/cspell-service-bus": ["@cspell/cspell-service-bus@8.19.2", "", {}, "sha512-+krdoByfZGMu7dMue4hMqRTJ/R+Lgzvz0fE9WhVdXhq6TB0EmR/y1b32fQ8XDfZQnOGpg+ZWiVbvAJp1QYmvuQ=="],

    "@cspell/cspell-types": ["@cspell/cspell-types@8.19.2", "", {}, "sha512-nmaxkoRZlHwMkUyNBHMT+vHaSUoCphS1DGAlfdkAt/vft8aisqFuH75hzcI52L4B1T8k/UYjn9BBwV1nQb14Ng=="],

    "@cspell/dict-ada": ["@cspell/dict-ada@4.1.0", "", {}, "sha512-7SvmhmX170gyPd+uHXrfmqJBY5qLcCX8kTGURPVeGxmt8XNXT75uu9rnZO+jwrfuU2EimNoArdVy5GZRGljGNg=="],

    "@cspell/dict-al": ["@cspell/dict-al@1.1.0", "", {}, "sha512-PtNI1KLmYkELYltbzuoztBxfi11jcE9HXBHCpID2lou/J4VMYKJPNqe4ZjVzSI9NYbMnMnyG3gkbhIdx66VSXg=="],

    "@cspell/dict-aws": ["@cspell/dict-aws@4.0.10", "", {}, "sha512-0qW4sI0GX8haELdhfakQNuw7a2pnWXz3VYQA2MpydH2xT2e6EN9DWFpKAi8DfcChm8MgDAogKkoHtIo075iYng=="],

    "@cspell/dict-bash": ["@cspell/dict-bash@4.2.0", "", { "dependencies": { "@cspell/dict-shell": "1.1.0" } }, "sha512-HOyOS+4AbCArZHs/wMxX/apRkjxg6NDWdt0jF9i9XkvJQUltMwEhyA2TWYjQ0kssBsnof+9amax2lhiZnh3kCg=="],

    "@cspell/dict-companies": ["@cspell/dict-companies@3.1.15", "", {}, "sha512-vnGYTJFrqM9HdtgpZFOThFTjlPyJWqPi0eidMKyZxMKTHhP7yg6mD5X9WPEPvfiysmJYMnA6KKYQEBqoKFPU9g=="],

    "@cspell/dict-cpp": ["@cspell/dict-cpp@6.0.8", "", {}, "sha512-BzurRZilWqaJt32Gif6/yCCPi+FtrchjmnehVEIFzbWyeBd/VOUw77IwrEzehZsu5cRU91yPWuWp5fUsKfDAXA=="],

    "@cspell/dict-cryptocurrencies": ["@cspell/dict-cryptocurrencies@5.0.4", "", {}, "sha512-6iFu7Abu+4Mgqq08YhTKHfH59mpMpGTwdzDB2Y8bbgiwnGFCeoiSkVkgLn1Kel2++hYcZ8vsAW/MJS9oXxuMag=="],

    "@cspell/dict-csharp": ["@cspell/dict-csharp@4.0.6", "", {}, "sha512-w/+YsqOknjQXmIlWDRmkW+BHBPJZ/XDrfJhZRQnp0wzpPOGml7W0q1iae65P2AFRtTdPKYmvSz7AL5ZRkCnSIw=="],

    "@cspell/dict-css": ["@cspell/dict-css@4.0.17", "", {}, "sha512-2EisRLHk6X/PdicybwlajLGKF5aJf4xnX2uuG5lexuYKt05xV/J/OiBADmi8q9obhxf1nesrMQbqAt+6CsHo/w=="],

    "@cspell/dict-dart": ["@cspell/dict-dart@2.3.0", "", {}, "sha512-1aY90lAicek8vYczGPDKr70pQSTQHwMFLbmWKTAI6iavmb1fisJBS1oTmMOKE4ximDf86MvVN6Ucwx3u/8HqLg=="],

    "@cspell/dict-data-science": ["@cspell/dict-data-science@2.0.8", "", {}, "sha512-uyAtT+32PfM29wRBeAkUSbkytqI8bNszNfAz2sGPtZBRmsZTYugKMEO9eDjAIE/pnT9CmbjNuoiXhk+Ss4fCOg=="],

    "@cspell/dict-django": ["@cspell/dict-django@4.1.4", "", {}, "sha512-fX38eUoPvytZ/2GA+g4bbdUtCMGNFSLbdJJPKX2vbewIQGfgSFJKY56vvcHJKAvw7FopjvgyS/98Ta9WN1gckg=="],

    "@cspell/dict-docker": ["@cspell/dict-docker@1.1.13", "", {}, "sha512-85X+ZC/CPT3ie26DcfeMFkZSNuhS8DlAqPXzAjilHtGE/Nj+QnS3jyBz0spDJOJrjh8wx1+ro2oCK98sbVcztw=="],

    "@cspell/dict-dotnet": ["@cspell/dict-dotnet@5.0.9", "", {}, "sha512-JGD6RJW5sHtO5lfiJl11a5DpPN6eKSz5M1YBa1I76j4dDOIqgZB6rQexlDlK1DH9B06X4GdDQwdBfnpAB0r2uQ=="],

    "@cspell/dict-elixir": ["@cspell/dict-elixir@4.0.7", "", {}, "sha512-MAUqlMw73mgtSdxvbAvyRlvc3bYnrDqXQrx5K9SwW8F7fRYf9V4vWYFULh+UWwwkqkhX9w03ZqFYRTdkFku6uA=="],

    "@cspell/dict-en-common-misspellings": ["@cspell/dict-en-common-misspellings@2.0.10", "", {}, "sha512-80mXJLtr0tVEtzowrI7ycVae/ULAYImZUlr0kUTpa8i57AUk7Zy3pYBs44EYIKW7ZC9AHu4Qjjfq4vriAtyTDQ=="],

    "@cspell/dict-en-gb": ["@cspell/dict-en-gb@1.1.33", "", {}, "sha512-tKSSUf9BJEV+GJQAYGw5e+ouhEe2ZXE620S7BLKe3ZmpnjlNG9JqlnaBhkIMxKnNFkLY2BP/EARzw31AZnOv4g=="],

    "@cspell/dict-en_us": ["@cspell/dict-en_us@4.4.2", "", {}, "sha512-mvpv2kWayuOExCnDgvhlYDoW7gbGvGVTyuof9aFGy0+8ALYAJ2AtlvYCqzdTTKvvsYBrxAEEWFkUh75kHnHibg=="],

    "@cspell/dict-filetypes": ["@cspell/dict-filetypes@3.0.11", "", {}, "sha512-bBtCHZLo7MiSRUqx5KEiPdGOmXIlDGY+L7SJEtRWZENpAKE+96rT7hj+TUUYWBbCzheqHr0OXZJFEKDgsG/uZg=="],

    "@cspell/dict-flutter": ["@cspell/dict-flutter@1.1.0", "", {}, "sha512-3zDeS7zc2p8tr9YH9tfbOEYfopKY/srNsAa+kE3rfBTtQERAZeOhe5yxrnTPoufctXLyuUtcGMUTpxr3dO0iaA=="],

    "@cspell/dict-fonts": ["@cspell/dict-fonts@4.0.4", "", {}, "sha512-cHFho4hjojBcHl6qxidl9CvUb492IuSk7xIf2G2wJzcHwGaCFa2o3gRcxmIg1j62guetAeDDFELizDaJlVRIOg=="],

    "@cspell/dict-fsharp": ["@cspell/dict-fsharp@1.1.0", "", {}, "sha512-oguWmHhGzgbgbEIBKtgKPrFSVAFtvGHaQS0oj+vacZqMObwkapcTGu7iwf4V3Bc2T3caf0QE6f6rQfIJFIAVsw=="],

    "@cspell/dict-fullstack": ["@cspell/dict-fullstack@3.2.6", "", {}, "sha512-cSaq9rz5RIU9j+0jcF2vnKPTQjxGXclntmoNp4XB7yFX2621PxJcekGjwf/lN5heJwVxGLL9toR0CBlGKwQBgA=="],

    "@cspell/dict-gaming-terms": ["@cspell/dict-gaming-terms@1.1.1", "", {}, "sha512-tb8GFxjTLDQstkJcJ90lDqF4rKKlMUKs5/ewePN9P+PYRSehqDpLI5S5meOfPit8LGszeOrjUdBQ4zXo7NpMyQ=="],

    "@cspell/dict-git": ["@cspell/dict-git@3.0.4", "", {}, "sha512-C44M+m56rYn6QCsLbiKiedyPTMZxlDdEYAsPwwlL5bhMDDzXZ3Ic8OCQIhMbiunhCOJJT+er4URmOmM+sllnjg=="],

    "@cspell/dict-golang": ["@cspell/dict-golang@6.0.20", "", {}, "sha512-b7nd9XXs+apMMzNSWorjirQsbmlwcTC0ViQJU8u+XNose3z0y7oNeEpbTPTVoN1+1sO9aOHuFwfwoOMFCDS14Q=="],

    "@cspell/dict-google": ["@cspell/dict-google@1.0.8", "", {}, "sha512-BnMHgcEeaLyloPmBs8phCqprI+4r2Jb8rni011A8hE+7FNk7FmLE3kiwxLFrcZnnb7eqM0agW4zUaNoB0P+z8A=="],

    "@cspell/dict-haskell": ["@cspell/dict-haskell@4.0.5", "", {}, "sha512-s4BG/4tlj2pPM9Ha7IZYMhUujXDnI0Eq1+38UTTCpatYLbQqDwRFf2KNPLRqkroU+a44yTUAe0rkkKbwy4yRtQ=="],

    "@cspell/dict-html": ["@cspell/dict-html@4.0.11", "", {}, "sha512-QR3b/PB972SRQ2xICR1Nw/M44IJ6rjypwzA4jn+GH8ydjAX9acFNfc+hLZVyNe0FqsE90Gw3evLCOIF0vy1vQw=="],

    "@cspell/dict-html-symbol-entities": ["@cspell/dict-html-symbol-entities@4.0.3", "", {}, "sha512-aABXX7dMLNFdSE8aY844X4+hvfK7977sOWgZXo4MTGAmOzR8524fjbJPswIBK7GaD3+SgFZ2yP2o0CFvXDGF+A=="],

    "@cspell/dict-java": ["@cspell/dict-java@5.0.11", "", {}, "sha512-T4t/1JqeH33Raa/QK/eQe26FE17eUCtWu+JsYcTLkQTci2dk1DfcIKo8YVHvZXBnuM43ATns9Xs0s+AlqDeH7w=="],

    "@cspell/dict-julia": ["@cspell/dict-julia@1.1.0", "", {}, "sha512-CPUiesiXwy3HRoBR3joUseTZ9giFPCydSKu2rkh6I2nVjXnl5vFHzOMLXpbF4HQ1tH2CNfnDbUndxD+I+7eL9w=="],

    "@cspell/dict-k8s": ["@cspell/dict-k8s@1.0.10", "", {}, "sha512-313haTrX9prep1yWO7N6Xw4D6tvUJ0Xsx+YhCP+5YrrcIKoEw5Rtlg8R4PPzLqe6zibw6aJ+Eqq+y76Vx5BZkw=="],

    "@cspell/dict-kotlin": ["@cspell/dict-kotlin@1.1.0", "", {}, "sha512-vySaVw6atY7LdwvstQowSbdxjXG6jDhjkWVWSjg1XsUckyzH1JRHXe9VahZz1i7dpoFEUOWQrhIe5B9482UyJQ=="],

    "@cspell/dict-latex": ["@cspell/dict-latex@4.0.3", "", {}, "sha512-2KXBt9fSpymYHxHfvhUpjUFyzrmN4c4P8mwIzweLyvqntBT3k0YGZJSriOdjfUjwSygrfEwiuPI1EMrvgrOMJw=="],

    "@cspell/dict-lorem-ipsum": ["@cspell/dict-lorem-ipsum@4.0.4", "", {}, "sha512-+4f7vtY4dp2b9N5fn0za/UR0kwFq2zDtA62JCbWHbpjvO9wukkbl4rZg4YudHbBgkl73HRnXFgCiwNhdIA1JPw=="],

    "@cspell/dict-lua": ["@cspell/dict-lua@4.0.7", "", {}, "sha512-Wbr7YSQw+cLHhTYTKV6cAljgMgcY+EUAxVIZW3ljKswEe4OLxnVJ7lPqZF5JKjlXdgCjbPSimsHqyAbC5pQN/Q=="],

    "@cspell/dict-makefile": ["@cspell/dict-makefile@1.0.4", "", {}, "sha512-E4hG/c0ekPqUBvlkrVvzSoAA+SsDA9bLi4xSV3AXHTVru7Y2bVVGMPtpfF+fI3zTkww/jwinprcU1LSohI3ylw=="],

    "@cspell/dict-markdown": ["@cspell/dict-markdown@2.0.10", "", { "peerDependencies": { "@cspell/dict-css": "^4.0.17", "@cspell/dict-html": "^4.0.11", "@cspell/dict-html-symbol-entities": "^4.0.3", "@cspell/dict-typescript": "^3.2.1" } }, "sha512-vtVa6L/84F9sTjclTYDkWJF/Vx2c5xzxBKkQp+CEFlxOF2SYgm+RSoEvAvg5vj4N5kuqR4350ZlY3zl2eA3MXw=="],

    "@cspell/dict-monkeyc": ["@cspell/dict-monkeyc@1.0.10", "", {}, "sha512-7RTGyKsTIIVqzbvOtAu6Z/lwwxjGRtY5RkKPlXKHEoEAgIXwfDxb5EkVwzGQwQr8hF/D3HrdYbRT8MFBfsueZw=="],

    "@cspell/dict-node": ["@cspell/dict-node@5.0.7", "", {}, "sha512-ZaPpBsHGQCqUyFPKLyCNUH2qzolDRm1/901IO8e7btk7bEDF56DN82VD43gPvD4HWz3yLs/WkcLa01KYAJpnOw=="],

    "@cspell/dict-npm": ["@cspell/dict-npm@5.2.0", "", {}, "sha512-kTUdbSE8SuIMKMlASMbI8/SEwv3EmI8eBcwdrtu4PHA+XVx+8JvQCB5fcWK9mn/94Y7LQ1kDIm+yfAZfwopY0A=="],

    "@cspell/dict-php": ["@cspell/dict-php@4.0.14", "", {}, "sha512-7zur8pyncYZglxNmqsRycOZ6inpDoVd4yFfz1pQRe5xaRWMiK3Km4n0/X/1YMWhh3e3Sl/fQg5Axb2hlN68t1g=="],

    "@cspell/dict-powershell": ["@cspell/dict-powershell@5.0.14", "", {}, "sha512-ktjjvtkIUIYmj/SoGBYbr3/+CsRGNXGpvVANrY0wlm/IoGlGywhoTUDYN0IsGwI2b8Vktx3DZmQkfb3Wo38jBA=="],

    "@cspell/dict-public-licenses": ["@cspell/dict-public-licenses@2.0.13", "", {}, "sha512-1Wdp/XH1ieim7CadXYE7YLnUlW0pULEjVl9WEeziZw3EKCAw8ZI8Ih44m4bEa5VNBLnuP5TfqC4iDautAleQzQ=="],

    "@cspell/dict-python": ["@cspell/dict-python@4.2.17", "", { "dependencies": { "@cspell/dict-data-science": "^2.0.8" } }, "sha512-xqMKfVc8d7yDaOChFdL2uWAN3Mw9qObB/Zr6t5w1OHbi23gWs7V1lI9d0mXAoqSK6N3mosbum4OIq/FleQDnlw=="],

    "@cspell/dict-r": ["@cspell/dict-r@2.1.0", "", {}, "sha512-k2512wgGG0lTpTYH9w5Wwco+lAMf3Vz7mhqV8+OnalIE7muA0RSuD9tWBjiqLcX8zPvEJr4LdgxVju8Gk3OKyA=="],

    "@cspell/dict-ruby": ["@cspell/dict-ruby@5.0.8", "", {}, "sha512-ixuTneU0aH1cPQRbWJvtvOntMFfeQR2KxT8LuAv5jBKqQWIHSxzGlp+zX3SVyoeR0kOWiu64/O5Yn836A5yMcQ=="],

    "@cspell/dict-rust": ["@cspell/dict-rust@4.0.11", "", {}, "sha512-OGWDEEzm8HlkSmtD8fV3pEcO2XBpzG2XYjgMCJCRwb2gRKvR+XIm6Dlhs04N/K2kU+iH8bvrqNpM8fS/BFl0uw=="],

    "@cspell/dict-scala": ["@cspell/dict-scala@5.0.7", "", {}, "sha512-yatpSDW/GwulzO3t7hB5peoWwzo+Y3qTc0pO24Jf6f88jsEeKmDeKkfgPbYuCgbE4jisGR4vs4+jfQZDIYmXPA=="],

    "@cspell/dict-shell": ["@cspell/dict-shell@1.1.0", "", {}, "sha512-D/xHXX7T37BJxNRf5JJHsvziFDvh23IF/KvkZXNSh8VqcRdod3BAz9VGHZf6VDqcZXr1VRqIYR3mQ8DSvs3AVQ=="],

    "@cspell/dict-software-terms": ["@cspell/dict-software-terms@5.0.5", "", {}, "sha512-ZjAOa8FI8/JrxaRqKT3eS7AQXFjU174xxQoKYMkmdwSyNIj7WUCAg10UeLqeMjFVv36zIO0Hm0dD2+Bvn18SLA=="],

    "@cspell/dict-sql": ["@cspell/dict-sql@2.2.0", "", {}, "sha512-MUop+d1AHSzXpBvQgQkCiok8Ejzb+nrzyG16E8TvKL2MQeDwnIvMe3bv90eukP6E1HWb+V/MA/4pnq0pcJWKqQ=="],

    "@cspell/dict-svelte": ["@cspell/dict-svelte@1.0.6", "", {}, "sha512-8LAJHSBdwHCoKCSy72PXXzz7ulGROD0rP1CQ0StOqXOOlTUeSFaJJlxNYjlONgd2c62XBQiN2wgLhtPN+1Zv7Q=="],

    "@cspell/dict-swift": ["@cspell/dict-swift@2.0.5", "", {}, "sha512-3lGzDCwUmnrfckv3Q4eVSW3sK3cHqqHlPprFJZD4nAqt23ot7fic5ALR7J4joHpvDz36nHX34TgcbZNNZOC/JA=="],

    "@cspell/dict-terraform": ["@cspell/dict-terraform@1.1.1", "", {}, "sha512-07KFDwCU7EnKl4hOZLsLKlj6Zceq/IsQ3LRWUyIjvGFfZHdoGtFdCp3ZPVgnFaAcd/DKv+WVkrOzUBSYqHopQQ=="],

    "@cspell/dict-typescript": ["@cspell/dict-typescript@3.2.1", "", {}, "sha512-jdnKg4rBl75GUBTsUD6nTJl7FGvaIt5wWcWP7TZSC3rV1LfkwvbUiY3PiGpfJlAIdnLYSeFWIpYU9gyVgz206w=="],

    "@cspell/dict-vue": ["@cspell/dict-vue@3.0.4", "", {}, "sha512-0dPtI0lwHcAgSiQFx8CzvqjdoXROcH+1LyqgROCpBgppommWpVhbQ0eubnKotFEXgpUCONVkeZJ6Ql8NbTEu+w=="],

    "@cspell/dynamic-import": ["@cspell/dynamic-import@8.19.2", "", { "dependencies": { "@cspell/url": "8.19.2", "import-meta-resolve": "^4.1.0" } }, "sha512-Ylsda+IrXhrIlAyGhCbc62tEk8F4MpO3u8llUQtWKhhvqbcxY+waC0d8S9u95egCACTTZIVDyrcxHX1lGg5+mw=="],

    "@cspell/filetypes": ["@cspell/filetypes@8.19.2", "", {}, "sha512-GqS/N0gTcnaAcBOVdWrehI+w6e+TzLSDj+zjW0DFWAbqnFDUOI9+1XtISINzMV6apOrBg8sMmFuaqif3TqvuZw=="],

    "@cspell/strong-weak-map": ["@cspell/strong-weak-map@8.19.2", "", {}, "sha512-W/C6AK+z6sGOfdUsf75S/iLxyJkps8LEI/m9G/+R6RTHF4oyCGzh0JChHdnSjXrb0RpIPQjGOdwJcJOqVn/7/A=="],

    "@cspell/url": ["@cspell/url@8.19.2", "", {}, "sha512-B6NzFapXtS4DkGHhW8wGNE7u8v6Y3dMzdbvV2VxD6N0ByEiWqvsB2rW55z8e4fUOlGKLtedrBTFPPFIuSPs4Wg=="],

    "@gerrit0/mini-shiki": ["@gerrit0/mini-shiki@3.2.3", "", { "dependencies": { "@shikijs/engine-oniguruma": "^3.2.2", "@shikijs/langs": "^3.2.2", "@shikijs/themes": "^3.2.2", "@shikijs/types": "^3.2.2", "@shikijs/vscode-textmate": "^10.0.2" } }, "sha512-yemSYr0Oiqk5NAQRfbD5DKUTlThiZw1MxTMx/YpQTg6m4QRJDtV2JTYSuNevgx1ayy/O7x+uwDjh3IgECGFY/Q=="],

    "@isaacs/cliui": ["@isaacs/cliui@8.0.2", "", { "dependencies": { "string-width": "^5.1.2", "string-width-cjs": "npm:string-width@^4.2.0", "strip-ansi": "^7.0.1", "strip-ansi-cjs": "npm:strip-ansi@^6.0.1", "wrap-ansi": "^8.1.0", "wrap-ansi-cjs": "npm:wrap-ansi@^7.0.0" } }, "sha512-O8jcjabXaleOG9DQ0+ARXWZBTfnP4WNAqzuiJK7ll44AmxGKv/J2M4TPjxjY3znBCfvBXFzucm1twdyFybFqEA=="],

    "@istanbuljs/schema": ["@istanbuljs/schema@0.1.3", "", {}, "sha512-ZXRY4jNvVgSVQ8DL3LTcakaAtXwTVUxE81hslsyD2AtoXW/wVob10HkOJ1X/pAlcI7D+2YoZKg5do8G/w6RYgA=="],

    "@jridgewell/resolve-uri": ["@jridgewell/resolve-uri@3.1.2", "", {}, "sha512-bRISgCIjP20/tbWSPWMEi54QVPRZExkuD9lJL+UIxUKtwVJA8wW1Trb1jMs1RFXo1CBTNZ/5hpC9QvmKWdopKw=="],

    "@jridgewell/sourcemap-codec": ["@jridgewell/sourcemap-codec@1.5.0", "", {}, "sha512-gv3ZRaISU3fjPAgNsriBRqGWQL6quFx04YMPW/zD8XMLsU32mhCCbfbO6KZFLjvYpCZ8zyDEgqsgf+PwPaM7GQ=="],

    "@jridgewell/trace-mapping": ["@jridgewell/trace-mapping@0.3.25", "", { "dependencies": { "@jridgewell/resolve-uri": "^3.1.0", "@jridgewell/sourcemap-codec": "^1.4.14" } }, "sha512-vNk6aEwybGtawWmy/PzwnGDOjCkLWSD2wqvjGGAgOAwCGWySYXfYoxt00IJkTF+8Lb57DwOb3Aa0o9CApepiYQ=="],

    "@pkgjs/parseargs": ["@pkgjs/parseargs@0.11.0", "", {}, "sha512-+1VkjdD0QBLPodGrJUeqarH8VAIvQODIbwh9XpP5Syisf7YoQgsJKPNFoqqLQlu+VQ/tVSshMR6loPMn8U+dPg=="],

    "@shikijs/engine-oniguruma": ["@shikijs/engine-oniguruma@3.2.2", "", { "dependencies": { "@shikijs/types": "3.2.2", "@shikijs/vscode-textmate": "^10.0.2" } }, "sha512-vyXRnWVCSvokwbaUD/8uPn6Gqsf5Hv7XwcW4AgiU4Z2qwy19sdr6VGzMdheKKN58tJOOe5MIKiNb901bgcUXYQ=="],

    "@shikijs/langs": ["@shikijs/langs@3.2.2", "", { "dependencies": { "@shikijs/types": "3.2.2" } }, "sha512-NY0Urg2dV9ETt3JIOWoMPuoDNwte3geLZ4M1nrPHbkDS8dWMpKcEwlqiEIGqtwZNmt5gKyWpR26ln2Bg2ecPgw=="],

    "@shikijs/themes": ["@shikijs/themes@3.2.2", "", { "dependencies": { "@shikijs/types": "3.2.2" } }, "sha512-Zuq4lgAxVKkb0FFdhHSdDkALuRpsj1so1JdihjKNQfgM78EHxV2JhO10qPsMrm01FkE3mDRTdF68wfmsqjt6HA=="],

    "@shikijs/types": ["@shikijs/types@3.2.2", "", { "dependencies": { "@shikijs/vscode-textmate": "^10.0.2", "@types/hast": "^3.0.4" } }, "sha512-a5TiHk7EH5Lso8sHcLHbVNNhWKP0Wi3yVnXnu73g86n3WoDgEra7n3KszyeCGuyoagspQ2fzvy4cpSc8pKhb0A=="],

    "@shikijs/vscode-textmate": ["@shikijs/vscode-textmate@10.0.2", "", {}, "sha512-83yeghZ2xxin3Nj8z1NMd/NCuca+gsYXswywDy5bHvwlWL8tpTQmzGeUuHd9FC3E/SBEMvzJRwWEOz5gGes9Qg=="],

    "@types/bun": ["@types/bun@1.2.10", "", { "dependencies": { "bun-types": "1.2.10" } }, "sha512-eilv6WFM3M0c9ztJt7/g80BDusK98z/FrFwseZgT4bXCq2vPhXD4z8R3oddmAn+R/Nmz9vBn4kweJKmGTZj+lg=="],

    "@types/hast": ["@types/hast@3.0.4", "", { "dependencies": { "@types/unist": "*" } }, "sha512-WPs+bbQw5aCj+x6laNGWLH3wviHtoCv/P3+otBhbOhJgG8qtpdAMlTCxLtsTWA7LH1Oh/bFCHsBn0TPS5m30EQ=="],

    "@types/istanbul-lib-coverage": ["@types/istanbul-lib-coverage@2.0.6", "", {}, "sha512-2QF/t/auWm0lsy8XtKVPG19v3sSOQlJe/YHZgfjb/KBBHOGSV+J2q/S671rcq9uTBrLAXmZpqJiaQbMT+zNU1w=="],

    "@types/node": ["@types/node@22.14.1", "", { "dependencies": { "undici-types": "~6.21.0" } }, "sha512-u0HuPQwe/dHrItgHHpmw3N2fYCR6x4ivMNbPHRkBVP4CvN+kiRrKHWk3i8tXiO/joPwXLMYvF9TTF0eqgHIuOw=="],

    "@types/unist": ["@types/unist@3.0.3", "", {}, "sha512-ko/gIFJRv177XgZsZcBwnqJN5x/Gien8qNOn0D5bQU/zAzVf9Zt3BlcUiLqhV9y4ARk0GbT3tnUiPNgnTXzc/Q=="],

    "ansi-regex": ["ansi-regex@5.0.1", "", {}, "sha512-quJQXlTSUGL2LH9SUXo8VwsY4soanhgo6LNSm84E1LBcE8s3O0wpdiRzyR9z/ZZJMlMWv37qOOb9pdJlMUEKFQ=="],

    "ansi-styles": ["ansi-styles@4.3.0", "", { "dependencies": { "color-convert": "^2.0.1" } }, "sha512-zbB9rCJAT1rbjiVDb2hqKFHNYLxgtk8NURxZ3IZwD3F6NtxbXZQCnnSi1Lkx+IDohdPlFp222wVALIheZJQSEg=="],

    "argparse": ["argparse@2.0.1", "", {}, "sha512-8+9WqebbFzpX9OR+Wa6O29asIogeRMzcGtAINdpMHHyAg10f05aSFVBbcEqGf/PXw1EjAZ+q2/bEBg3DvurK3Q=="],

    "array-timsort": ["array-timsort@1.0.3", "", {}, "sha512-/+3GRL7dDAGEfM6TseQk/U+mi18TU2Ms9I3UlLdUMhz2hbvGNTKdj9xniwXfUqgYhHxRx0+8UnKkvlNwVU+cWQ=="],

    "balanced-match": ["balanced-match@1.0.2", "", {}, "sha512-3oSeUO0TMV67hN1AmbXsK4yaqU7tjiHlbxRDZOpH0KW9+CeX4bRAaX0Anxt0tx2MrpRpWwQaPwIlISEJhYU5Pw=="],

    "brace-expansion": ["brace-expansion@2.0.1", "", { "dependencies": { "balanced-match": "^1.0.0" } }, "sha512-XnAIvQ8eM+kC6aULx6wuQiwVsnzsi9d3WxzV3FpWTGA19F621kwdbsAcFKXgKUHZWsy+mY6iL1sHTxWEFCytDA=="],

    "bun-types": ["bun-types@1.2.10", "", { "dependencies": { "@types/node": "*" } }, "sha512-b5ITZMnVdf3m1gMvJHG+gIfeJHiQPJak0f7925Hxu6ZN5VKA8AGy4GZ4lM+Xkn6jtWxg5S3ldWvfmXdvnkp3GQ=="],

    "c8": ["c8@10.1.3", "", { "dependencies": { "@bcoe/v8-coverage": "^1.0.1", "@istanbuljs/schema": "^0.1.3", "find-up": "^5.0.0", "foreground-child": "^3.1.1", "istanbul-lib-coverage": "^3.2.0", "istanbul-lib-report": "^3.0.1", "istanbul-reports": "^3.1.6", "test-exclude": "^7.0.1", "v8-to-istanbul": "^9.0.0", "yargs": "^17.7.2", "yargs-parser": "^21.1.1" }, "peerDependencies": { "monocart-coverage-reports": "^2" }, "optionalPeers": ["monocart-coverage-reports"], "bin": { "c8": "bin/c8.js" } }, "sha512-LvcyrOAaOnrrlMpW22n690PUvxiq4Uf9WMhQwNJ9vgagkL/ph1+D4uvjvDA5XCbykrc0sx+ay6pVi9YZ1GnhyA=="],

    "callsites": ["callsites@3.1.0", "", {}, "sha512-P8BjAsXvZS+VIDUI11hHCQEv74YT67YUi5JJFNWIqL235sBmjX4+qx9Muvls5ivyNENctx46xQLQ3aTuE7ssaQ=="],

    "chalk": ["chalk@5.4.1", "", {}, "sha512-zgVZuo2WcZgfUEmsn6eO3kINexW8RAE4maiQ8QNs8CtpPCSyMiYsULR3HQYkm3w8FIA3SberyMJMSldGsW+U3w=="],

    "chalk-template": ["chalk-template@1.1.0", "", { "dependencies": { "chalk": "^5.2.0" } }, "sha512-T2VJbcDuZQ0Tb2EWwSotMPJjgpy1/tGee1BTpUNsGZ/qgNjV2t7Mvu+d4600U564nbLesN1x2dPL+xii174Ekg=="],

    "clear-module": ["clear-module@4.1.2", "", { "dependencies": { "parent-module": "^2.0.0", "resolve-from": "^5.0.0" } }, "sha512-LWAxzHqdHsAZlPlEyJ2Poz6AIs384mPeqLVCru2p0BrP9G/kVGuhNyZYClLO6cXlnuJjzC8xtsJIuMjKqLXoAw=="],

    "cliui": ["cliui@8.0.1", "", { "dependencies": { "string-width": "^4.2.0", "strip-ansi": "^6.0.1", "wrap-ansi": "^7.0.0" } }, "sha512-BSeNnyus75C4//NQ9gQt1/csTXyo/8Sb+afLAkzAptFuMsod9HFokGNudZpi/oQV73hnVK+sR+5PVRMd+Dr7YQ=="],

    "color-convert": ["color-convert@2.0.1", "", { "dependencies": { "color-name": "~1.1.4" } }, "sha512-RRECPsj7iu/xb5oKYcsFHSppFNnsj/52OVTRKb4zP5onXwVF3zVmmToNcOfGC+CRDpfK/U584fMg38ZHCaElKQ=="],

    "color-name": ["color-name@1.1.4", "", {}, "sha512-dOy+3AuW3a2wNbZHIuMZpTcgjGuLU/uBL/ubcZF9OXbDo8ff4O8yVp5Bf0efS8uEoYo5q4Fx7dY9OgQGXgAsQA=="],

    "commander": ["commander@13.1.0", "", {}, "sha512-/rFeCpNJQbhSZjGVwO9RFV3xPqbnERS8MmIQzCtD/zl6gpJuV/bMLuN92oG3F7d8oDEHHRrujSXNUr8fpjntKw=="],

    "comment-json": ["comment-json@4.2.5", "", { "dependencies": { "array-timsort": "^1.0.3", "core-util-is": "^1.0.3", "esprima": "^4.0.1", "has-own-prop": "^2.0.0", "repeat-string": "^1.6.1" } }, "sha512-bKw/r35jR3HGt5PEPm1ljsQQGyCrR8sFGNiN5L+ykDHdpO8Smxkrkla9Yi6NkQyUrb8V54PGhfMs6NrIwtxtdw=="],

    "convert-source-map": ["convert-source-map@2.0.0", "", {}, "sha512-Kvp459HrV2FEJ1CAsi1Ku+MY3kasH19TFykTz2xWmMeq6bk2NU3XXvfJ+Q61m0xktWwt+1HSYf3JZsTms3aRJg=="],

    "core-util-is": ["core-util-is@1.0.3", "", {}, "sha512-ZQBvi1DcpJ4GDqanjucZ2Hj3wEO5pZDS89BWbkcrvdxksJorwUDDZamX9ldFkp9aw2lmBDLgkObEA4DWNJ9FYQ=="],

    "cross-spawn": ["cross-spawn@7.0.6", "", { "dependencies": { "path-key": "^3.1.0", "shebang-command": "^2.0.0", "which": "^2.0.1" } }, "sha512-uV2QOWP2nWzsy2aMp8aRibhi9dlzF5Hgh5SHaB9OiTGEyDTiJJyx0uy51QXdyWbtAHNua4XJzUKca3OzKUd3vA=="],

    "cspell": ["cspell@8.19.2", "", { "dependencies": { "@cspell/cspell-json-reporter": "8.19.2", "@cspell/cspell-pipe": "8.19.2", "@cspell/cspell-types": "8.19.2", "@cspell/dynamic-import": "8.19.2", "@cspell/url": "8.19.2", "chalk": "^5.4.1", "chalk-template": "^1.1.0", "commander": "^13.1.0", "cspell-dictionary": "8.19.2", "cspell-gitignore": "8.19.2", "cspell-glob": "8.19.2", "cspell-io": "8.19.2", "cspell-lib": "8.19.2", "fast-json-stable-stringify": "^2.1.0", "file-entry-cache": "^9.1.0", "get-stdin": "^9.0.0", "semver": "^7.7.1", "tinyglobby": "^0.2.13" }, "bin": { "cspell": "bin.mjs", "cspell-esm": "bin.mjs" } }, "sha512-CwH6eARg9nQE5WDSGFac4gde3S8L+1jhgd5rDe4enoGXqW0hBwsDvbIPCaiQTjG4KN+3u2QFxNMsX5lLBJjTmw=="],

    "cspell-config-lib": ["cspell-config-lib@8.19.2", "", { "dependencies": { "@cspell/cspell-types": "8.19.2", "comment-json": "^4.2.5", "yaml": "^2.7.1" } }, "sha512-FW7rYL952LSIzTpesmTw856dIV7jhKFvbH/Ug9i74/omC57vsA/caLH8SqYXS+Z2PslihBKKCU8j2aB2qiybMQ=="],

    "cspell-dictionary": ["cspell-dictionary@8.19.2", "", { "dependencies": { "@cspell/cspell-pipe": "8.19.2", "@cspell/cspell-types": "8.19.2", "cspell-trie-lib": "8.19.2", "fast-equals": "^5.2.2" } }, "sha512-YEVM61V0d4TmxB0Dtk3L5I7Rz3WA8Y4vjxO7rPX2piieMwp7T7l4aHb/ZpHx7JqsJSSzp9vjtgVrwVE0gCJpZw=="],

    "cspell-gitignore": ["cspell-gitignore@8.19.2", "", { "dependencies": { "@cspell/url": "8.19.2", "cspell-glob": "8.19.2", "cspell-io": "8.19.2" }, "bin": { "cspell-gitignore": "bin.mjs" } }, "sha512-GxWHMow+o5RqVYw9WjIbExiWE1abnF0PqrbVh3gcwCoM/xYTBfGUDBnpD/PQB4uqH1oDolMfu1wp5/J1D97OFw=="],

    "cspell-glob": ["cspell-glob@8.19.2", "", { "dependencies": { "@cspell/url": "8.19.2", "picomatch": "^4.0.2" } }, "sha512-5/UBFLMh+3vhAyI3ep4Oqrt0rAb1mQHXmmpwk+WDpiS9CoSjoATIvibH5Ln9riwiIt1Bo7lH0BqfEQ3NtcegUg=="],

    "cspell-grammar": ["cspell-grammar@8.19.2", "", { "dependencies": { "@cspell/cspell-pipe": "8.19.2", "@cspell/cspell-types": "8.19.2" }, "bin": { "cspell-grammar": "bin.mjs" } }, "sha512-jrgMWIivZ9HFLXqdkR5eQ7tmvePYYnFRy4Hs1VGpCr36DqPcrURxtONFJuLCJwKl0xRSlhPIeC8fpIeEwtxUvQ=="],

    "cspell-io": ["cspell-io@8.19.2", "", { "dependencies": { "@cspell/cspell-service-bus": "8.19.2", "@cspell/url": "8.19.2" } }, "sha512-qt0QaUCw1/atoA960ev8z2ryT5+vGpXYcp71bzE52PPBACW2vKhwlBfc/4YpCC8pcNQGj6N9hzEX+G6nDTHnUw=="],

    "cspell-lib": ["cspell-lib@8.19.2", "", { "dependencies": { "@cspell/cspell-bundled-dicts": "8.19.2", "@cspell/cspell-pipe": "8.19.2", "@cspell/cspell-resolver": "8.19.2", "@cspell/cspell-types": "8.19.2", "@cspell/dynamic-import": "8.19.2", "@cspell/filetypes": "8.19.2", "@cspell/strong-weak-map": "8.19.2", "@cspell/url": "8.19.2", "clear-module": "^4.1.2", "comment-json": "^4.2.5", "cspell-config-lib": "8.19.2", "cspell-dictionary": "8.19.2", "cspell-glob": "8.19.2", "cspell-grammar": "8.19.2", "cspell-io": "8.19.2", "cspell-trie-lib": "8.19.2", "env-paths": "^3.0.0", "fast-equals": "^5.2.2", "gensequence": "^7.0.0", "import-fresh": "^3.3.1", "resolve-from": "^5.0.0", "vscode-languageserver-textdocument": "^1.0.12", "vscode-uri": "^3.1.0", "xdg-basedir": "^5.1.0" } }, "sha512-we1IeovendX+vRhdOQpOdwFX7CRxLDMMGcm0Sy6Duo66IKerPYeSJwbTfQi8G8e5ZIU14F0psnjoBaOBcqpLrg=="],

    "cspell-trie-lib": ["cspell-trie-lib@8.19.2", "", { "dependencies": { "@cspell/cspell-pipe": "8.19.2", "@cspell/cspell-types": "8.19.2", "gensequence": "^7.0.0" } }, "sha512-/0DuCmBwz1B3yOlxCgib98uVVdIBOp/PNWEA3pmmjPOiWvOb/bBdw5C5o+ghnf93scDZQJF3l8a2sAQmsZkkIw=="],

    "eastasianwidth": ["eastasianwidth@0.2.0", "", {}, "sha512-I88TYZWc9XiYHRQ4/3c5rjjfgkjhLyW2luGIheGERbNQ6OY7yTybanSpDXZa8y7VUP9YmDcYa+eyq4ca7iLqWA=="],

    "emoji-regex": ["emoji-regex@8.0.0", "", {}, "sha512-MSjYzcWNOA0ewAHpz0MxpYFvwg6yjy1NG3xteoqz644VCo/RPgnr1/GGt+ic3iJTzQ8Eu3TdM14SawnVUmGE6A=="],

    "entities": ["entities@4.5.0", "", {}, "sha512-V0hjH4dGPh9Ao5p0MoRY6BVqtwCjhz6vI5LT8AJ55H+4g9/4vbHx1I54fS0XuclLhDHArPQCiMjDxjaL8fPxhw=="],

    "env-paths": ["env-paths@3.0.0", "", {}, "sha512-dtJUTepzMW3Lm/NPxRf3wP4642UWhjL2sQxc+ym2YMj1m/H2zDNQOlezafzkHwn6sMstjHTwG6iQQsctDW/b1A=="],

    "escalade": ["escalade@3.2.0", "", {}, "sha512-WUj2qlxaQtO4g6Pq5c29GTcWGDyd8itL8zTlipgECz3JesAiiOKotd8JU6otB3PACgG6xkJUyVhboMS+bje/jA=="],

    "esprima": ["esprima@4.0.1", "", { "bin": { "esparse": "./bin/esparse.js", "esvalidate": "./bin/esvalidate.js" } }, "sha512-eGuFFw7Upda+g4p+QHvnW0RyTX/SVeJBDM/gCtMARO0cLuT2HcEKnTPvhjV6aGeqrCB/sbNop0Kszm0jsaWU4A=="],

    "fast-equals": ["fast-equals@5.2.2", "", {}, "sha512-V7/RktU11J3I36Nwq2JnZEM7tNm17eBJz+u25qdxBZeCKiX6BkVSZQjwWIr+IobgnZy+ag73tTZgZi7tr0LrBw=="],

    "fast-json-stable-stringify": ["fast-json-stable-stringify@2.1.0", "", {}, "sha512-lhd/wF+Lk98HZoTCtlVraHtfh5XYijIjalXck7saUtuanSDyLMxnHhSXEDJqHxD7msR8D0uCmqlkwjCV8xvwHw=="],

    "fdir": ["fdir@6.4.4", "", { "peerDependencies": { "picomatch": "^3 || ^4" }, "optionalPeers": ["picomatch"] }, "sha512-1NZP+GK4GfuAv3PqKvxQRDMjdSRZjnkq7KfhlNrCNNlZ0ygQFpebfrnfnq/W7fpUnAv9aGWmY1zKx7FYL3gwhg=="],

    "file-entry-cache": ["file-entry-cache@9.1.0", "", { "dependencies": { "flat-cache": "^5.0.0" } }, "sha512-/pqPFG+FdxWQj+/WSuzXSDaNzxgTLr/OrR1QuqfEZzDakpdYE70PwUxL7BPUa8hpjbvY1+qvCl8k+8Tq34xJgg=="],

    "find-up": ["find-up@5.0.0", "", { "dependencies": { "locate-path": "^6.0.0", "path-exists": "^4.0.0" } }, "sha512-78/PXT1wlLLDgTzDs7sjq9hzz0vXD+zn+7wypEe4fXQxCmdmqfGsEPQxmiCSQI3ajFV91bVSsvNtrJRiW6nGng=="],

    "flat-cache": ["flat-cache@5.0.0", "", { "dependencies": { "flatted": "^3.3.1", "keyv": "^4.5.4" } }, "sha512-JrqFmyUl2PnPi1OvLyTVHnQvwQ0S+e6lGSwu8OkAZlSaNIZciTY2H/cOOROxsBA1m/LZNHDsqAgDZt6akWcjsQ=="],

    "flatted": ["flatted@3.3.3", "", {}, "sha512-GX+ysw4PBCz0PzosHDepZGANEuFCMLrnRTiEy9McGjmkCQYwRq4A/X786G/fjM/+OjsWSU1ZrY5qyARZmO/uwg=="],

    "foreground-child": ["foreground-child@3.3.1", "", { "dependencies": { "cross-spawn": "^7.0.6", "signal-exit": "^4.0.1" } }, "sha512-gIXjKqtFuWEgzFRJA9WCQeSJLZDjgJUOMCMzxtvFq/37KojM1BFGufqsCy0r4qSQmYLsZYMeyRqzIWOMup03sw=="],

    "gensequence": ["gensequence@7.0.0", "", {}, "sha512-47Frx13aZh01afHJTB3zTtKIlFI6vWY+MYCN9Qpew6i52rfKjnhCF/l1YlC8UmEMvvntZZ6z4PiCcmyuedR2aQ=="],

    "get-caller-file": ["get-caller-file@2.0.5", "", {}, "sha512-DyFP3BM/3YHTQOCUL/w0OZHR0lpKeGrxotcHWcqNEdnltqFwXVfhEBQ94eIo34AfQpo0rGki4cyIiftY06h2Fg=="],

    "get-stdin": ["get-stdin@9.0.0", "", {}, "sha512-dVKBjfWisLAicarI2Sf+JuBE/DghV4UzNAVe9yhEJuzeREd3JhOTE9cUaJTeSa77fsbQUK3pcOpJfM59+VKZaA=="],

    "glob": ["glob@10.4.5", "", { "dependencies": { "foreground-child": "^3.1.0", "jackspeak": "^3.1.2", "minimatch": "^9.0.4", "minipass": "^7.1.2", "package-json-from-dist": "^1.0.0", "path-scurry": "^1.11.1" }, "bin": { "glob": "dist/esm/bin.mjs" } }, "sha512-7Bv8RF0k6xjo7d4A/PxYLbUCfb6c+Vpd2/mB2yRDlew7Jb5hEXiCD9ibfO7wpk8i4sevK6DFny9h7EYbM3/sHg=="],

    "global-directory": ["global-directory@4.0.1", "", { "dependencies": { "ini": "4.1.1" } }, "sha512-wHTUcDUoZ1H5/0iVqEudYW4/kAlN5cZ3j/bXn0Dpbizl9iaUVeWSHqiOjsgk6OW2bkLclbBjzewBz6weQ1zA2Q=="],

    "has-flag": ["has-flag@4.0.0", "", {}, "sha512-EykJT/Q1KjTWctppgIAgfSO0tKVuZUjhgMr17kqTumMl6Afv3EISleU7qZUzoXDFTAHTDC4NOoG/ZxU3EvlMPQ=="],

    "has-own-prop": ["has-own-prop@2.0.0", "", {}, "sha512-Pq0h+hvsVm6dDEa8x82GnLSYHOzNDt7f0ddFa3FqcQlgzEiptPqL+XrOJNavjOzSYiYWIrgeVYYgGlLmnxwilQ=="],

    "html-escaper": ["html-escaper@2.0.2", "", {}, "sha512-H2iMtd0I4Mt5eYiapRdIDjp+XzelXQ0tFE4JS7YFwFevXXMmOp9myNrUvCg0D6ws8iqkRPBfKHgbwig1SmlLfg=="],

    "import-fresh": ["import-fresh@3.3.1", "", { "dependencies": { "parent-module": "^1.0.0", "resolve-from": "^4.0.0" } }, "sha512-TR3KfrTZTYLPB6jUjfx6MF9WcWrHL9su5TObK4ZkYgBdWKPOFoSoQIdEuTuR82pmtxH2spWG9h6etwfr1pLBqQ=="],

    "import-meta-resolve": ["import-meta-resolve@4.1.0", "", {}, "sha512-I6fiaX09Xivtk+THaMfAwnA3MVA5Big1WHF1Dfx9hFuvNIWpXnorlkzhcQf6ehrqQiiZECRt1poOAkPmer3ruw=="],

    "ini": ["ini@4.1.1", "", {}, "sha512-QQnnxNyfvmHFIsj7gkPcYymR8Jdw/o7mp5ZFihxn6h8Ci6fh3Dx4E1gPjpQEpIuPo9XVNY/ZUwh4BPMjGyL01g=="],

    "is-fullwidth-code-point": ["is-fullwidth-code-point@3.0.0", "", {}, "sha512-zymm5+u+sCsSWyD9qNaejV3DFvhCKclKdizYaJUuHA83RLjb7nSuGnddCHGv0hk+KY7BMAlsWeK4Ueg6EV6XQg=="],

    "isexe": ["isexe@2.0.0", "", {}, "sha512-RHxMLp9lnKHGHRng9QFhRCMbYAcVpn69smSGcq3f36xjgVVWThj4qqLbTLlq7Ssj8B+fIQ1EuCEGI2lKsyQeIw=="],

    "istanbul-lib-coverage": ["istanbul-lib-coverage@3.2.2", "", {}, "sha512-O8dpsF+r0WV/8MNRKfnmrtCWhuKjxrq2w+jpzBL5UZKTi2LeVWnWOmWRxFlesJONmc+wLAGvKQZEOanko0LFTg=="],

    "istanbul-lib-report": ["istanbul-lib-report@3.0.1", "", { "dependencies": { "istanbul-lib-coverage": "^3.0.0", "make-dir": "^4.0.0", "supports-color": "^7.1.0" } }, "sha512-GCfE1mtsHGOELCU8e/Z7YWzpmybrx/+dSTfLrvY8qRmaY6zXTKWn6WQIjaAFw069icm6GVMNkgu0NzI4iPZUNw=="],

    "istanbul-reports": ["istanbul-reports@3.1.7", "", { "dependencies": { "html-escaper": "^2.0.0", "istanbul-lib-report": "^3.0.0" } }, "sha512-BewmUXImeuRk2YY0PVbxgKAysvhRPUQE0h5QRM++nVWyubKGV0l8qQ5op8+B2DOmwSe63Jivj0BjkPQVf8fP5g=="],

    "jackspeak": ["jackspeak@3.4.3", "", { "dependencies": { "@isaacs/cliui": "^8.0.2" }, "optionalDependencies": { "@pkgjs/parseargs": "^0.11.0" } }, "sha512-OGlZQpz2yfahA/Rd1Y8Cd9SIEsqvXkLVoSw/cgwhnhFMDbsQFeZYoJJ7bIZBS9BcamUW96asq/npPWugM+RQBw=="],

    "json-buffer": ["json-buffer@3.0.1", "", {}, "sha512-4bV5BfR2mqfQTJm+V5tPPdf+ZpuhiIvTuAB5g8kcrXOZpTT/QwwVRWBywX1ozr6lEuPdbHxwaJlm9G6mI2sfSQ=="],

    "keyv": ["keyv@4.5.4", "", { "dependencies": { "json-buffer": "3.0.1" } }, "sha512-oxVHkHR/EJf2CNXnWxRLW6mg7JyCCUcG0DtEGmL2ctUo1PNTin1PUil+r/+4r5MpVgC/fn1kjsx7mjSujKqIpw=="],

    "linkify-it": ["linkify-it@5.0.0", "", { "dependencies": { "uc.micro": "^2.0.0" } }, "sha512-5aHCbzQRADcdP+ATqnDuhhJ/MRIqDkZX5pyjFHRRysS8vZ5AbqGEoFIb6pYHPZ+L/OC2Lc+xT8uHVVR5CAK/wQ=="],

    "locate-path": ["locate-path@6.0.0", "", { "dependencies": { "p-locate": "^5.0.0" } }, "sha512-iPZK6eYjbxRu3uB4/WZ3EsEIMJFMqAoopl3R+zuq0UjcAm/MO6KCweDgPfP3elTztoKP3KtnVHxTn2NHBSDVUw=="],

    "lru-cache": ["lru-cache@10.4.3", "", {}, "sha512-JNAzZcXrCt42VGLuYz0zfAzDfAvJWW6AfYlDBQyDV5DClI2m5sAmK+OIO7s59XfsRsWHp02jAJrRadPRGTt6SQ=="],

    "lunr": ["lunr@2.3.9", "", {}, "sha512-zTU3DaZaF3Rt9rhN3uBMGQD3dD2/vFQqnvZCDv4dl5iOzq2IZQqTxu90r4E5J+nP70J3ilqVCrbho2eWaeW8Ow=="],

    "make-dir": ["make-dir@4.0.0", "", { "dependencies": { "semver": "^7.5.3" } }, "sha512-hXdUTZYIVOt1Ex//jAQi+wTZZpUpwBj/0QsOzqegb3rGMMeJiSEu5xLHnYfBrRV4RH2+OCSOO95Is/7x1WJ4bw=="],

    "markdown-it": ["markdown-it@14.1.0", "", { "dependencies": { "argparse": "^2.0.1", "entities": "^4.4.0", "linkify-it": "^5.0.0", "mdurl": "^2.0.0", "punycode.js": "^2.3.1", "uc.micro": "^2.1.0" }, "bin": { "markdown-it": "bin/markdown-it.mjs" } }, "sha512-a54IwgWPaeBCAAsv13YgmALOF1elABB08FxO9i+r4VFk5Vl4pKokRPeX8u5TCgSsPi6ec1otfLjdOpVcgbpshg=="],

    "mdurl": ["mdurl@2.0.0", "", {}, "sha512-Lf+9+2r+Tdp5wXDXC4PcIBjTDtq4UKjCPMQhKIuzpJNW0b96kVqSwW0bT7FhRSfmAiFYgP+SCRvdrDozfh0U5w=="],

    "minimatch": ["minimatch@9.0.5", "", { "dependencies": { "brace-expansion": "^2.0.1" } }, "sha512-G6T0ZX48xgozx7587koeX9Ys2NYy6Gmv//P89sEte9V9whIapMNF4idKxnW2QtCcLiTWlb/wfCabAtAFWhhBow=="],

    "minipass": ["minipass@7.1.2", "", {}, "sha512-qOOzS1cBTWYF4BH8fVePDBOO9iptMnGUEZwNc/cMWnTV2nVLZ7VoNWEPHkYczZA0pdoA7dl6e7FL659nX9S2aw=="],

    "p-limit": ["p-limit@3.1.0", "", { "dependencies": { "yocto-queue": "^0.1.0" } }, "sha512-TYOanM3wGwNGsZN2cVTYPArw454xnXj5qmWF1bEoAc4+cU/ol7GVh7odevjp1FNHduHc3KZMcFduxU5Xc6uJRQ=="],

    "p-locate": ["p-locate@5.0.0", "", { "dependencies": { "p-limit": "^3.0.2" } }, "sha512-LaNjtRWUBY++zB5nE/NwcaoMylSPk+S+ZHNB1TzdbMJMny6dynpAGt7X/tl/QYq3TIeE6nxHppbo2LGymrG5Pw=="],

    "package-json-from-dist": ["package-json-from-dist@1.0.1", "", {}, "sha512-UEZIS3/by4OC8vL3P2dTXRETpebLI2NiI5vIrjaD/5UtrkFX/tNbwjTSRAGC/+7CAo2pIcBaRgWmcBBHcsaCIw=="],

    "parent-module": ["parent-module@2.0.0", "", { "dependencies": { "callsites": "^3.1.0" } }, "sha512-uo0Z9JJeWzv8BG+tRcapBKNJ0dro9cLyczGzulS6EfeyAdeC9sbojtW6XwvYxJkEne9En+J2XEl4zyglVeIwFg=="],

    "path-exists": ["path-exists@4.0.0", "", {}, "sha512-ak9Qy5Q7jYb2Wwcey5Fpvg2KoAc/ZIhLSLOSBmRmygPsGwkVVt0fZa0qrtMz+m6tJTAHfZQ8FnmB4MG4LWy7/w=="],

    "path-key": ["path-key@3.1.1", "", {}, "sha512-ojmeN0qd+y0jszEtoY48r0Peq5dwMEkIlCOu6Q5f41lfkswXuKtYrhgoTpLnyIcHm24Uhqx+5Tqm2InSwLhE6Q=="],

    "path-scurry": ["path-scurry@1.11.1", "", { "dependencies": { "lru-cache": "^10.2.0", "minipass": "^5.0.0 || ^6.0.2 || ^7.0.0" } }, "sha512-Xa4Nw17FS9ApQFJ9umLiJS4orGjm7ZzwUrwamcGQuHSzDyth9boKDaycYdDcZDuqYATXw4HFXgaqWTctW/v1HA=="],

    "picomatch": ["picomatch@4.0.2", "", {}, "sha512-M7BAV6Rlcy5u+m6oPhAPFgJTzAioX/6B0DxyvDlo9l8+T3nLKbrczg2WLUyzd45L8RqfUMyGPzekbMvX2Ldkwg=="],

    "punycode.js": ["punycode.js@2.3.1", "", {}, "sha512-uxFIHU0YlHYhDQtV4R9J6a52SLx28BCjT+4ieh7IGbgwVJWO+km431c4yRlREUAsAmt/uMjQUyQHNEPf0M39CA=="],

    "repeat-string": ["repeat-string@1.6.1", "", {}, "sha512-PV0dzCYDNfRi1jCDbJzpW7jNNDRuCOG/jI5ctQcGKt/clZD+YcPS3yIlWuTJMmESC8aevCFmWJy5wjAFgNqN6w=="],

    "require-directory": ["require-directory@2.1.1", "", {}, "sha512-fGxEI7+wsG9xrvdjsrlmL22OMTTiHRwAMroiEeMgq8gzoLC/PQr7RsRDSTLUg/bZAZtF+TVIkHc6/4RIKrui+Q=="],

    "resolve-from": ["resolve-from@5.0.0", "", {}, "sha512-qYg9KP24dD5qka9J47d0aVky0N+b4fTU89LN9iDnjB5waksiC49rvMB0PrUJQGoTmH50XPiqOvAjDfaijGxYZw=="],

    "semver": ["semver@7.7.1", "", { "bin": { "semver": "bin/semver.js" } }, "sha512-hlq8tAfn0m/61p4BVRcPzIGr6LKiMwo4VM6dGi6pt4qcRkmNzTcWq6eCEjEh+qXjkMDvPlOFFSGwQjoEa6gyMA=="],

    "shebang-command": ["shebang-command@2.0.0", "", { "dependencies": { "shebang-regex": "^3.0.0" } }, "sha512-kHxr2zZpYtdmrN1qDjrrX/Z1rR1kG8Dx+gkpK1G4eXmvXswmcE1hTWBWYUzlraYw1/yZp6YuDY77YtvbN0dmDA=="],

    "shebang-regex": ["shebang-regex@3.0.0", "", {}, "sha512-7++dFhtcx3353uBaq8DDR4NuxBetBzC7ZQOhmTQInHEd6bSrXdiEyzCvG07Z44UYdLShWUyXt5M/yhz8ekcb1A=="],

    "signal-exit": ["signal-exit@4.1.0", "", {}, "sha512-bzyZ1e88w9O1iNJbKnOlvYTrWPDl46O1bG0D3XInv+9tkPrxrN8jUUTiFlDkkmKWgn1M6CfIA13SuGqOa9Korw=="],

    "string-width": ["string-width@4.2.3", "", { "dependencies": { "emoji-regex": "^8.0.0", "is-fullwidth-code-point": "^3.0.0", "strip-ansi": "^6.0.1" } }, "sha512-wKyQRQpjJ0sIp62ErSZdGsjMJWsap5oRNihHhu6G7JVO/9jIB6UyevL+tXuOqrng8j/cxKTWyWUwvSTriiZz/g=="],

    "string-width-cjs": ["string-width@4.2.3", "", { "dependencies": { "emoji-regex": "^8.0.0", "is-fullwidth-code-point": "^3.0.0", "strip-ansi": "^6.0.1" } }, "sha512-wKyQRQpjJ0sIp62ErSZdGsjMJWsap5oRNihHhu6G7JVO/9jIB6UyevL+tXuOqrng8j/cxKTWyWUwvSTriiZz/g=="],

    "strip-ansi": ["strip-ansi@6.0.1", "", { "dependencies": { "ansi-regex": "^5.0.1" } }, "sha512-Y38VPSHcqkFrCpFnQ9vuSXmquuv5oXOKpGeT6aGrr3o3Gc9AlVa6JBfUSOCnbxGGZF+/0ooI7KrPuUSztUdU5A=="],

    "strip-ansi-cjs": ["strip-ansi@6.0.1", "", { "dependencies": { "ansi-regex": "^5.0.1" } }, "sha512-Y38VPSHcqkFrCpFnQ9vuSXmquuv5oXOKpGeT6aGrr3o3Gc9AlVa6JBfUSOCnbxGGZF+/0ooI7KrPuUSztUdU5A=="],

    "supports-color": ["supports-color@7.2.0", "", { "dependencies": { "has-flag": "^4.0.0" } }, "sha512-qpCAvRl9stuOHveKsn7HncJRvv501qIacKzQlO/+Lwxc9+0q2wLyv4Dfvt80/DPn2pqOBsJdDiogXGR9+OvwRw=="],

    "test-exclude": ["test-exclude@7.0.1", "", { "dependencies": { "@istanbuljs/schema": "^0.1.2", "glob": "^10.4.1", "minimatch": "^9.0.4" } }, "sha512-pFYqmTw68LXVjeWJMST4+borgQP2AyMNbg1BpZh9LbyhUeNkeaPF9gzfPGUAnSMV3qPYdWUwDIjjCLiSDOl7vg=="],

    "tinyglobby": ["tinyglobby@0.2.13", "", { "dependencies": { "fdir": "^6.4.4", "picomatch": "^4.0.2" } }, "sha512-mEwzpUgrLySlveBwEVDMKk5B57bhLPYovRfPAXD5gA/98Opn0rCDj3GtLwFvCvH5RK9uPCExUROW5NjDwvqkxw=="],

    "typedoc": ["typedoc@0.28.3", "", { "dependencies": { "@gerrit0/mini-shiki": "^3.2.2", "lunr": "^2.3.9", "markdown-it": "^14.1.0", "minimatch": "^9.0.5", "yaml": "^2.7.1" }, "peerDependencies": { "typescript": "5.0.x || 5.1.x || 5.2.x || 5.3.x || 5.4.x || 5.5.x || 5.6.x || 5.7.x || 5.8.x" }, "bin": { "typedoc": "bin/typedoc" } }, "sha512-5svOCTfXvVSh6zbZKSQluZhR8yN2tKpTeHZxlmWpE6N5vc3R8k/jhg9nnD6n5tN9/ObuQTojkONrOxFdUFUG9w=="],

    "typescript": ["typescript@5.8.3", "", { "bin": { "tsc": "bin/tsc", "tsserver": "bin/tsserver" } }, "sha512-p1diW6TqL9L07nNxvRMM7hMMw4c5XOo/1ibL4aAIGmSAt9slTE1Xgw5KWuof2uTOvCg9BY7ZRi+GaF+7sfgPeQ=="],

    "uc.micro": ["uc.micro@2.1.0", "", {}, "sha512-ARDJmphmdvUk6Glw7y9DQ2bFkKBHwQHLi2lsaH6PPmz/Ka9sFOBsBluozhDltWmnv9u/cF6Rt87znRTPV+yp/A=="],

    "undici-types": ["undici-types@6.21.0", "", {}, "sha512-iwDZqg0QAGrg9Rav5H4n0M64c3mkR59cJ6wQp+7C4nI0gsmExaedaYLNO44eT4AtBBwjbTiGPMlt2Md0T9H9JQ=="],

    "v8-to-istanbul": ["v8-to-istanbul@9.3.0", "", { "dependencies": { "@jridgewell/trace-mapping": "^0.3.12", "@types/istanbul-lib-coverage": "^2.0.1", "convert-source-map": "^2.0.0" } }, "sha512-kiGUalWN+rgBJ/1OHZsBtU4rXZOfj/7rKQxULKlIzwzQSvMJUUNgPwJEEh7gU6xEVxC0ahoOBvN2YI8GH6FNgA=="],

    "vscode-languageserver-textdocument": ["vscode-languageserver-textdocument@1.0.12", "", {}, "sha512-cxWNPesCnQCcMPeenjKKsOCKQZ/L6Tv19DTRIGuLWe32lyzWhihGVJ/rcckZXJxfdKCFvRLS3fpBIsV/ZGX4zA=="],

    "vscode-uri": ["vscode-uri@3.1.0", "", {}, "sha512-/BpdSx+yCQGnCvecbyXdxHDkuk55/G3xwnC0GqY4gmQ3j+A+g8kzzgB4Nk/SINjqn6+waqw3EgbVF2QKExkRxQ=="],

    "which": ["which@2.0.2", "", { "dependencies": { "isexe": "^2.0.0" }, "bin": { "node-which": "./bin/node-which" } }, "sha512-BLI3Tl1TW3Pvl70l3yq3Y64i+awpwXqsGBYWkkqMtnbXgrMD+yj7rhW0kuEDxzJaYXGjEW5ogapKNMEKNMjibA=="],

    "wrap-ansi": ["wrap-ansi@7.0.0", "", { "dependencies": { "ansi-styles": "^4.0.0", "string-width": "^4.1.0", "strip-ansi": "^6.0.0" } }, "sha512-YVGIj2kamLSTxw6NsZjoBxfSwsn0ycdesmc4p+Q21c5zPuZ1pl+NfxVdxPtdHvmNVOQ6XSYG4AUtyt/Fi7D16Q=="],

    "wrap-ansi-cjs": ["wrap-ansi@7.0.0", "", { "dependencies": { "ansi-styles": "^4.0.0", "string-width": "^4.1.0", "strip-ansi": "^6.0.0" } }, "sha512-YVGIj2kamLSTxw6NsZjoBxfSwsn0ycdesmc4p+Q21c5zPuZ1pl+NfxVdxPtdHvmNVOQ6XSYG4AUtyt/Fi7D16Q=="],

    "xdg-basedir": ["xdg-basedir@5.1.0", "", {}, "sha512-GCPAHLvrIH13+c0SuacwvRYj2SxJXQ4kaVTT5xgL3kPrz56XxkF21IGhjSE1+W0aw7gpBWRGXLCPnPby6lSpmQ=="],

    "y18n": ["y18n@5.0.8", "", {}, "sha512-0pfFzegeDWJHJIAmTLRP2DwHjdF5s7jo9tuztdQxAhINCdvS+3nGINqPd00AphqJR/0LhANUS6/+7SCb98YOfA=="],

    "yaml": ["yaml@2.7.1", "", { "bin": { "yaml": "bin.mjs" } }, "sha512-10ULxpnOCQXxJvBgxsn9ptjq6uviG/htZKk9veJGhlqn3w/DxQ631zFF+nlQXLwmImeS5amR2dl2U8sg6U9jsQ=="],

    "yargs": ["yargs@17.7.2", "", { "dependencies": { "cliui": "^8.0.1", "escalade": "^3.1.1", "get-caller-file": "^2.0.5", "require-directory": "^2.1.1", "string-width": "^4.2.3", "y18n": "^5.0.5", "yargs-parser": "^21.1.1" } }, "sha512-7dSzzRQ++CKnNI/krKnYRV7JKKPUXMEh61soaHKg9mrWEhzFWhFnxPxGl+69cD1Ou63C13NUPCnmIcrvqCuM6w=="],

    "yargs-parser": ["yargs-parser@21.1.1", "", {}, "sha512-tVpsJW7DdjecAiFpbIB1e3qxIQsE6NoPc5/eTdrbbIC4h0LVsWhnoa3g+m2HclBIujHzsxZ4VJVA+GUuc2/LBw=="],

    "yocto-queue": ["yocto-queue@0.1.0", "", {}, "sha512-rVksvsnNCdJ/ohGc6xgPwyN8eheCxsiLM8mxuE/t/mOVqJewPuO1miLpTHQiRgTKCLexL4MeAFVagts7HmNZ2Q=="],

    "@isaacs/cliui/string-width": ["string-width@5.1.2", "", { "dependencies": { "eastasianwidth": "^0.2.0", "emoji-regex": "^9.2.2", "strip-ansi": "^7.0.1" } }, "sha512-HnLOCR3vjcY8beoNLtcjZ5/nxn2afmME6lhrDrebokqMap+XbeW8n9TXpPDOqdGK5qcI3oT0GKTW6wC7EMiVqA=="],

    "@isaacs/cliui/strip-ansi": ["strip-ansi@7.1.0", "", { "dependencies": { "ansi-regex": "^6.0.1" } }, "sha512-iq6eVVI64nQQTRYq2KtEg2d2uU7LElhTJwsH4YzIHZshxlgZms/wIc4VoDQTlG/IvVIrBKG06CrZnp0qv7hkcQ=="],

    "@isaacs/cliui/wrap-ansi": ["wrap-ansi@8.1.0", "", { "dependencies": { "ansi-styles": "^6.1.0", "string-width": "^5.0.1", "strip-ansi": "^7.0.1" } }, "sha512-si7QWI6zUMq56bESFvagtmzMdGOtoxfR+Sez11Mobfc7tm+VkUckk9bW2UeffTGVUbOksxmSw0AA2gs8g71NCQ=="],

    "bun-types/@types/node": ["@types/node@18.19.86", "", { "dependencies": { "undici-types": "~5.26.4" } }, "sha512-fifKayi175wLyKyc5qUfyENhQ1dCNI1UNjp653d8kuYcPQN5JhX3dGuP/XmvPTg/xRBn1VTLpbmi+H/Mr7tLfQ=="],

    "import-fresh/parent-module": ["parent-module@1.0.1", "", { "dependencies": { "callsites": "^3.0.0" } }, "sha512-GQ2EWRpQV8/o+Aw8YqtfZZPfNRWZYkbidE9k5rpl/hC3vtHHBfGm2Ifi6qWV+coDGkrUKZAxE3Lot5kcsRlh+g=="],

    "import-fresh/resolve-from": ["resolve-from@4.0.0", "", {}, "sha512-pb/MYmXstAkysRFx8piNI1tGFNQIFA3vkE3Gq4EuA1dF6gHp/+vgZqsCGJapvy8N3Q+4o7FwvquPJcnZ7RYy4g=="],

    "@isaacs/cliui/string-width/emoji-regex": ["emoji-regex@9.2.2", "", {}, "sha512-L18DaJsXSUk2+42pv8mLs5jJT2hqFkFE4j21wOmgbUqsZ2hL72NsUU785g9RXgo3s0ZNgVl42TiHp3ZtOv/Vyg=="],

    "@isaacs/cliui/strip-ansi/ansi-regex": ["ansi-regex@6.1.0", "", {}, "sha512-7HSX4QQb4CspciLpVFwyRe79O3xsIZDDLER21kERQ71oaPodF8jL725AgJMFAYbooIqolJoRLuM81SpeUkpkvA=="],

    "@isaacs/cliui/wrap-ansi/ansi-styles": ["ansi-styles@6.2.1", "", {}, "sha512-bN798gFfQX+viw3R7yrGWRqnrN2oRkEkUjjl4JNn4E8GxxbjtG3FbrEIIY3l8/hrwUwIeCZvi4QuOTP4MErVug=="],

    "bun-types/@types/node/undici-types": ["undici-types@5.26.5", "", {}, "sha512-JlCMO+ehdEIKqlFxk6IfVoAUVmgz7cU7zD/h9XZ0qzeosSHmUJVOzSQvvYSYWXkFXC+IfLKSIffhv0sVZup6pA=="],
  }
}
